// !$*UTF8*$!
{
	archiveVersion = 1;
	classes = {
	};
	objectVersion = 56;
	objects = {

/* Begin PBXBuildFile section */
		4C0E53682BDF5A81000CD6BF /* Objective.swift in Sources */ = {isa = PBXBuildFile; fileRef = 4C0E53672BDF5A81000CD6BF /* Objective.swift */; };
		4CB97E812BE0A01700A5BF23 /* background.mp3 in Resources */ = {isa = PBXBuildFile; fileRef = 4CB97E7E2BE0A01700A5BF23 /* background.mp3 */; };
		4CB97E822BE0A01700A5BF23 /* click 1.mp3 in Resources */ = {isa = PBXBuildFile; fileRef = 4CB97E7F2BE0A01700A5BF23 /* click 1.mp3 */; };
		B26DF8702BD8F40B0030F101 /* LearningSushiApp.swift in Sources */ = {isa = PBXBuildFile; fileRef = B26DF86F2BD8F40B0030F101 /* LearningSushiApp.swift */; };
		B26DF8722BD8F40B0030F101 /* ContentView.swift in Sources */ = {isa = PBXBuildFile; fileRef = B26DF8712BD8F40B0030F101 /* ContentView.swift */; };
		B26DF8742BD8F40C0030F101 /* Assets.xcassets in Resources */ = {isa = PBXBuildFile; fileRef = B26DF8732BD8F40C0030F101 /* Assets.xcassets */; };
		F6876C812BDEA155000A8AAD /* Ingredient.swift in Sources */ = {isa = PBXBuildFile; fileRef = F6876C802BDEA155000A8AAD /* Ingredient.swift */; };
		F6876C832BDEA168000A8AAD /* GameService.swift in Sources */ = {isa = PBXBuildFile; fileRef = F6876C822BDEA168000A8AAD /* GameService.swift */; };
		F6876C852BDEA181000A8AAD /* MyIngredient.swift in Sources */ = {isa = PBXBuildFile; fileRef = F6876C842BDEA181000A8AAD /* MyIngredient.swift */; };
		F6876C872BDEA191000A8AAD /* ItemView.swift in Sources */ = {isa = PBXBuildFile; fileRef = F6876C862BDEA191000A8AAD /* ItemView.swift */; };
		F6876C892BDEA1A2000A8AAD /* SelectCharacter.swift in Sources */ = {isa = PBXBuildFile; fileRef = F6876C882BDEA1A2000A8AAD /* SelectCharacter.swift */; };
		F6876C8B2BDEA1B2000A8AAD /* UserCharacter.swift in Sources */ = {isa = PBXBuildFile; fileRef = F6876C8A2BDEA1B2000A8AAD /* UserCharacter.swift */; };
		F6876C8D2BDEA1BF000A8AAD /* Lobby.swift in Sources */ = {isa = PBXBuildFile; fileRef = F6876C8C2BDEA1BF000A8AAD /* Lobby.swift */; };
		F6876C8F2BDEA1D7000A8AAD /* Game.swift in Sources */ = {isa = PBXBuildFile; fileRef = F6876C8E2BDEA1D7000A8AAD /* Game.swift */; };
		F6876C942BDEA21E000A8AAD /* MPConnectionManager.swift in Sources */ = {isa = PBXBuildFile; fileRef = F6876C932BDEA21E000A8AAD /* MPConnectionManager.swift */; };
/* End PBXBuildFile section */

/* Begin PBXFileReference section */
		4C0E53672BDF5A81000CD6BF /* Objective.swift */ = {isa = PBXFileReference; lastKnownFileType = sourcecode.swift; path = Objective.swift; sourceTree = "<group>"; };
		4CB97E7E2BE0A01700A5BF23 /* background.mp3 */ = {isa = PBXFileReference; lastKnownFileType = audio.mp3; path = background.mp3; sourceTree = "<group>"; };
		4CB97E7F2BE0A01700A5BF23 /* click 1.mp3 */ = {isa = PBXFileReference; lastKnownFileType = audio.mp3; path = "click 1.mp3"; sourceTree = "<group>"; };
		B26DF86C2BD8F40B0030F101 /* LearningSushi.app */ = {isa = PBXFileReference; explicitFileType = wrapper.application; includeInIndex = 0; path = LearningSushi.app; sourceTree = BUILT_PRODUCTS_DIR; };
		B26DF86F2BD8F40B0030F101 /* LearningSushiApp.swift */ = {isa = PBXFileReference; lastKnownFileType = sourcecode.swift; path = LearningSushiApp.swift; sourceTree = "<group>"; };
		B26DF8712BD8F40B0030F101 /* ContentView.swift */ = {isa = PBXFileReference; lastKnownFileType = sourcecode.swift; path = ContentView.swift; sourceTree = "<group>"; };
		B26DF8732BD8F40C0030F101 /* Assets.xcassets */ = {isa = PBXFileReference; lastKnownFileType = folder.assetcatalog; path = Assets.xcassets; sourceTree = "<group>"; };
		B2EF46ED2BDC8B1D00966070 /* Info.plist */ = {isa = PBXFileReference; lastKnownFileType = text.plist; path = Info.plist; sourceTree = "<group>"; };
		F6876C802BDEA155000A8AAD /* Ingredient.swift */ = {isa = PBXFileReference; lastKnownFileType = sourcecode.swift; path = Ingredient.swift; sourceTree = "<group>"; };
		F6876C822BDEA168000A8AAD /* GameService.swift */ = {isa = PBXFileReference; lastKnownFileType = sourcecode.swift; path = GameService.swift; sourceTree = "<group>"; };
		F6876C842BDEA181000A8AAD /* MyIngredient.swift */ = {isa = PBXFileReference; lastKnownFileType = sourcecode.swift; path = MyIngredient.swift; sourceTree = "<group>"; };
		F6876C862BDEA191000A8AAD /* ItemView.swift */ = {isa = PBXFileReference; lastKnownFileType = sourcecode.swift; path = ItemView.swift; sourceTree = "<group>"; };
		F6876C882BDEA1A2000A8AAD /* SelectCharacter.swift */ = {isa = PBXFileReference; lastKnownFileType = sourcecode.swift; path = SelectCharacter.swift; sourceTree = "<group>"; };
		F6876C8A2BDEA1B2000A8AAD /* UserCharacter.swift */ = {isa = PBXFileReference; lastKnownFileType = sourcecode.swift; path = UserCharacter.swift; sourceTree = "<group>"; };
		F6876C8C2BDEA1BF000A8AAD /* Lobby.swift */ = {isa = PBXFileReference; lastKnownFileType = sourcecode.swift; path = Lobby.swift; sourceTree = "<group>"; };
		F6876C8E2BDEA1D7000A8AAD /* Game.swift */ = {isa = PBXFileReference; lastKnownFileType = sourcecode.swift; path = Game.swift; sourceTree = "<group>"; };
		F6876C932BDEA21E000A8AAD /* MPConnectionManager.swift */ = {isa = PBXFileReference; lastKnownFileType = sourcecode.swift; path = MPConnectionManager.swift; sourceTree = "<group>"; };
/* End PBXFileReference section */

/* Begin PBXFrameworksBuildPhase section */
		B26DF8692BD8F40B0030F101 /* Frameworks */ = {
			isa = PBXFrameworksBuildPhase;
			buildActionMask = 2147483647;
			files = (
			);
			runOnlyForDeploymentPostprocessing = 0;
		};
/* End PBXFrameworksBuildPhase section */

/* Begin PBXGroup section */
		4CB97E802BE0A01700A5BF23 /* Sound */ = {
			isa = PBXGroup;
			children = (
				4CB97E7E2BE0A01700A5BF23 /* background.mp3 */,
				4CB97E7F2BE0A01700A5BF23 /* click 1.mp3 */,
			);
			path = Sound;
			sourceTree = "<group>";
		};
		B26DF8632BD8F40B0030F101 = {
			isa = PBXGroup;
			children = (
				B26DF86E2BD8F40B0030F101 /* LearningSushi */,
				B26DF86D2BD8F40B0030F101 /* Products */,
			);
			sourceTree = "<group>";
		};
		B26DF86D2BD8F40B0030F101 /* Products */ = {
			isa = PBXGroup;
			children = (
				B26DF86C2BD8F40B0030F101 /* LearningSushi.app */,
			);
			name = Products;
			sourceTree = "<group>";
		};
		B26DF86E2BD8F40B0030F101 /* LearningSushi */ = {
			isa = PBXGroup;
			children = (
				4CB97E802BE0A01700A5BF23 /* Sound */,
				F6876C922BDEA204000A8AAD /* MultipeerConnectivity */,
				F6876C7F2BDEA144000A8AAD /* Components */,
				F6876C7E2BDEA10C000A8AAD /* Model */,
				F6876C7D2BDEA105000A8AAD /* View */,
				B2EF46ED2BDC8B1D00966070 /* Info.plist */,
				B26DF86F2BD8F40B0030F101 /* LearningSushiApp.swift */,
				B26DF8712BD8F40B0030F101 /* ContentView.swift */,
				B26DF8732BD8F40C0030F101 /* Assets.xcassets */,
			);
			path = LearningSushi;
			sourceTree = "<group>";
		};
		F6876C7D2BDEA105000A8AAD /* View */ = {
			isa = PBXGroup;
			children = (
				F6876C8C2BDEA1BF000A8AAD /* Lobby.swift */,
				F6876C8E2BDEA1D7000A8AAD /* Game.swift */,
			);
			path = View;
			sourceTree = "<group>";
		};
		F6876C7E2BDEA10C000A8AAD /* Model */ = {
			isa = PBXGroup;
			children = (
				F6876C802BDEA155000A8AAD /* Ingredient.swift */,
				F6876C822BDEA168000A8AAD /* GameService.swift */,
				F6876C842BDEA181000A8AAD /* MyIngredient.swift */,
				4C0E53672BDF5A81000CD6BF /* Objective.swift */,
			);
			path = Model;
			sourceTree = "<group>";
		};
		F6876C7F2BDEA144000A8AAD /* Components */ = {
			isa = PBXGroup;
			children = (
				F6876C862BDEA191000A8AAD /* ItemView.swift */,
				F6876C882BDEA1A2000A8AAD /* SelectCharacter.swift */,
				F6876C8A2BDEA1B2000A8AAD /* UserCharacter.swift */,
			);
			path = Components;
			sourceTree = "<group>";
		};
		F6876C922BDEA204000A8AAD /* MultipeerConnectivity */ = {
			isa = PBXGroup;
			children = (
				F6876C932BDEA21E000A8AAD /* MPConnectionManager.swift */,
			);
			path = MultipeerConnectivity;
			sourceTree = "<group>";
		};
/* End PBXGroup section */

/* Begin PBXNativeTarget section */
		B26DF86B2BD8F40B0030F101 /* LearningSushi */ = {
			isa = PBXNativeTarget;
			buildConfigurationList = B26DF87A2BD8F40C0030F101 /* Build configuration list for PBXNativeTarget "LearningSushi" */;
			buildPhases = (
				B26DF8682BD8F40B0030F101 /* Sources */,
				B26DF8692BD8F40B0030F101 /* Frameworks */,
				B26DF86A2BD8F40B0030F101 /* Resources */,
			);
			buildRules = (
			);
			dependencies = (
			);
			name = LearningSushi;
			productName = LearningSushi;
			productReference = B26DF86C2BD8F40B0030F101 /* LearningSushi.app */;
			productType = "com.apple.product-type.application";
		};
/* End PBXNativeTarget section */

/* Begin PBXProject section */
		B26DF8642BD8F40B0030F101 /* Project object */ = {
			isa = PBXProject;
			attributes = {
				BuildIndependentTargetsInParallel = 1;
				LastSwiftUpdateCheck = 1530;
				LastUpgradeCheck = 1530;
				TargetAttributes = {
					B26DF86B2BD8F40B0030F101 = {
						CreatedOnToolsVersion = 15.3;
					};
				};
			};
			buildConfigurationList = B26DF8672BD8F40B0030F101 /* Build configuration list for PBXProject "LearningSushi" */;
			compatibilityVersion = "Xcode 14.0";
			developmentRegion = en;
			hasScannedForEncodings = 0;
			knownRegions = (
				en,
				Base,
			);
			mainGroup = B26DF8632BD8F40B0030F101;
			productRefGroup = B26DF86D2BD8F40B0030F101 /* Products */;
			projectDirPath = "";
			projectRoot = "";
			targets = (
				B26DF86B2BD8F40B0030F101 /* LearningSushi */,
			);
		};
/* End PBXProject section */

/* Begin PBXResourcesBuildPhase section */
		B26DF86A2BD8F40B0030F101 /* Resources */ = {
			isa = PBXResourcesBuildPhase;
			buildActionMask = 2147483647;
			files = (
				4CB97E812BE0A01700A5BF23 /* background.mp3 in Resources */,
				B26DF8742BD8F40C0030F101 /* Assets.xcassets in Resources */,
				4CB97E822BE0A01700A5BF23 /* click 1.mp3 in Resources */,
			);
			runOnlyForDeploymentPostprocessing = 0;
		};
/* End PBXResourcesBuildPhase section */

/* Begin PBXSourcesBuildPhase section */
		B26DF8682BD8F40B0030F101 /* Sources */ = {
			isa = PBXSourcesBuildPhase;
			buildActionMask = 2147483647;
			files = (
				B26DF8722BD8F40B0030F101 /* ContentView.swift in Sources */,
				F6876C8F2BDEA1D7000A8AAD /* Game.swift in Sources */,
				F6876C872BDEA191000A8AAD /* ItemView.swift in Sources */,
				F6876C942BDEA21E000A8AAD /* MPConnectionManager.swift in Sources */,
				F6876C8D2BDEA1BF000A8AAD /* Lobby.swift in Sources */,
				F6876C8B2BDEA1B2000A8AAD /* UserCharacter.swift in Sources */,
				B26DF8702BD8F40B0030F101 /* LearningSushiApp.swift in Sources */,
				F6876C852BDEA181000A8AAD /* MyIngredient.swift in Sources */,
				F6876C812BDEA155000A8AAD /* Ingredient.swift in Sources */,
				4C0E53682BDF5A81000CD6BF /* Objective.swift in Sources */,
				F6876C832BDEA168000A8AAD /* GameService.swift in Sources */,
				F6876C892BDEA1A2000A8AAD /* SelectCharacter.swift in Sources */,
			);
			runOnlyForDeploymentPostprocessing = 0;
		};
/* End PBXSourcesBuildPhase section */

/* Begin XCBuildConfiguration section */
		B26DF8782BD8F40C0030F101 /* Debug */ = {
			isa = XCBuildConfiguration;
			buildSettings = {
				ALWAYS_SEARCH_USER_PATHS = NO;
				ASSETCATALOG_COMPILER_GENERATE_SWIFT_ASSET_SYMBOL_EXTENSIONS = YES;
				CLANG_ANALYZER_NONNULL = YES;
				CLANG_ANALYZER_NUMBER_OBJECT_CONVERSION = YES_AGGRESSIVE;
				CLANG_CXX_LANGUAGE_STANDARD = "gnu++20";
				CLANG_ENABLE_MODULES = YES;
				CLANG_ENABLE_OBJC_ARC = YES;
				CLANG_ENABLE_OBJC_WEAK = YES;
				CLANG_WARN_BLOCK_CAPTURE_AUTORELEASING = YES;
				CLANG_WARN_BOOL_CONVERSION = YES;
				CLANG_WARN_COMMA = YES;
				CLANG_WARN_CONSTANT_CONVERSION = YES;
				CLANG_WARN_DEPRECATED_OBJC_IMPLEMENTATIONS = YES;
				CLANG_WARN_DIRECT_OBJC_ISA_USAGE = YES_ERROR;
				CLANG_WARN_DOCUMENTATION_COMMENTS = YES;
				CLANG_WARN_EMPTY_BODY = YES;
				CLANG_WARN_ENUM_CONVERSION = YES;
				CLANG_WARN_INFINITE_RECURSION = YES;
				CLANG_WARN_INT_CONVERSION = YES;
				CLANG_WARN_NON_LITERAL_NULL_CONVERSION = YES;
				CLANG_WARN_OBJC_IMPLICIT_RETAIN_SELF = YES;
				CLANG_WARN_OBJC_LITERAL_CONVERSION = YES;
				CLANG_WARN_OBJC_ROOT_CLASS = YES_ERROR;
				CLANG_WARN_QUOTED_INCLUDE_IN_FRAMEWORK_HEADER = YES;
				CLANG_WARN_RANGE_LOOP_ANALYSIS = YES;
				CLANG_WARN_STRICT_PROTOTYPES = YES;
				CLANG_WARN_SUSPICIOUS_MOVE = YES;
				CLANG_WARN_UNGUARDED_AVAILABILITY = YES_AGGRESSIVE;
				CLANG_WARN_UNREACHABLE_CODE = YES;
				CLANG_WARN__DUPLICATE_METHOD_MATCH = YES;
				COPY_PHASE_STRIP = NO;
				DEBUG_INFORMATION_FORMAT = dwarf;
				ENABLE_STRICT_OBJC_MSGSEND = YES;
				ENABLE_TESTABILITY = YES;
				ENABLE_USER_SCRIPT_SANDBOXING = YES;
				GCC_C_LANGUAGE_STANDARD = gnu17;
				GCC_DYNAMIC_NO_PIC = NO;
				GCC_NO_COMMON_BLOCKS = YES;
				GCC_OPTIMIZATION_LEVEL = 0;
				GCC_PREPROCESSOR_DEFINITIONS = (
					"DEBUG=1",
					"$(inherited)",
				);
				GCC_WARN_64_TO_32_BIT_CONVERSION = YES;
				GCC_WARN_ABOUT_RETURN_TYPE = YES_ERROR;
				GCC_WARN_UNDECLARED_SELECTOR = YES;
				GCC_WARN_UNINITIALIZED_AUTOS = YES_AGGRESSIVE;
				GCC_WARN_UNUSED_FUNCTION = YES;
				GCC_WARN_UNUSED_VARIABLE = YES;
				IPHONEOS_DEPLOYMENT_TARGET = 17.4;
				LOCALIZATION_PREFERS_STRING_CATALOGS = YES;
				MTL_ENABLE_DEBUG_INFO = INCLUDE_SOURCE;
				MTL_FAST_MATH = YES;
				ONLY_ACTIVE_ARCH = YES;
				SDKROOT = iphoneos;
				SWIFT_ACTIVE_COMPILATION_CONDITIONS = "DEBUG $(inherited)";
				SWIFT_OPTIMIZATION_LEVEL = "-Onone";
			};
			name = Debug;
		};
		B26DF8792BD8F40C0030F101 /* Release */ = {
			isa = XCBuildConfiguration;
			buildSettings = {
				ALWAYS_SEARCH_USER_PATHS = NO;
				ASSETCATALOG_COMPILER_GENERATE_SWIFT_ASSET_SYMBOL_EXTENSIONS = YES;
				CLANG_ANALYZER_NONNULL = YES;
				CLANG_ANALYZER_NUMBER_OBJECT_CONVERSION = YES_AGGRESSIVE;
				CLANG_CXX_LANGUAGE_STANDARD = "gnu++20";
				CLANG_ENABLE_MODULES = YES;
				CLANG_ENABLE_OBJC_ARC = YES;
				CLANG_ENABLE_OBJC_WEAK = YES;
				CLANG_WARN_BLOCK_CAPTURE_AUTORELEASING = YES;
				CLANG_WARN_BOOL_CONVERSION = YES;
				CLANG_WARN_COMMA = YES;
				CLANG_WARN_CONSTANT_CONVERSION = YES;
				CLANG_WARN_DEPRECATED_OBJC_IMPLEMENTATIONS = YES;
				CLANG_WARN_DIRECT_OBJC_ISA_USAGE = YES_ERROR;
				CLANG_WARN_DOCUMENTATION_COMMENTS = YES;
				CLANG_WARN_EMPTY_BODY = YES;
				CLANG_WARN_ENUM_CONVERSION = YES;
				CLANG_WARN_INFINITE_RECURSION = YES;
				CLANG_WARN_INT_CONVERSION = YES;
				CLANG_WARN_NON_LITERAL_NULL_CONVERSION = YES;
				CLANG_WARN_OBJC_IMPLICIT_RETAIN_SELF = YES;
				CLANG_WARN_OBJC_LITERAL_CONVERSION = YES;
				CLANG_WARN_OBJC_ROOT_CLASS = YES_ERROR;
				CLANG_WARN_QUOTED_INCLUDE_IN_FRAMEWORK_HEADER = YES;
				CLANG_WARN_RANGE_LOOP_ANALYSIS = YES;
				CLANG_WARN_STRICT_PROTOTYPES = YES;
				CLANG_WARN_SUSPICIOUS_MOVE = YES;
				CLANG_WARN_UNGUARDED_AVAILABILITY = YES_AGGRESSIVE;
				CLANG_WARN_UNREACHABLE_CODE = YES;
				CLANG_WARN__DUPLICATE_METHOD_MATCH = YES;
				COPY_PHASE_STRIP = NO;
				DEBUG_INFORMATION_FORMAT = "dwarf-with-dsym";
				ENABLE_NS_ASSERTIONS = NO;
				ENABLE_STRICT_OBJC_MSGSEND = YES;
				ENABLE_USER_SCRIPT_SANDBOXING = YES;
				GCC_C_LANGUAGE_STANDARD = gnu17;
				GCC_NO_COMMON_BLOCKS = YES;
				GCC_WARN_64_TO_32_BIT_CONVERSION = YES;
				GCC_WARN_ABOUT_RETURN_TYPE = YES_ERROR;
				GCC_WARN_UNDECLARED_SELECTOR = YES;
				GCC_WARN_UNINITIALIZED_AUTOS = YES_AGGRESSIVE;
				GCC_WARN_UNUSED_FUNCTION = YES;
				GCC_WARN_UNUSED_VARIABLE = YES;
				IPHONEOS_DEPLOYMENT_TARGET = 17.4;
				LOCALIZATION_PREFERS_STRING_CATALOGS = YES;
				MTL_ENABLE_DEBUG_INFO = NO;
				MTL_FAST_MATH = YES;
				SDKROOT = iphoneos;
				SWIFT_COMPILATION_MODE = wholemodule;
				VALIDATE_PRODUCT = YES;
			};
			name = Release;
		};
		B26DF87B2BD8F40C0030F101 /* Debug */ = {
			isa = XCBuildConfiguration;
			buildSettings = {
				ASSETCATALOG_COMPILER_APPICON_NAME = AppIcon;
				ASSETCATALOG_COMPILER_GLOBAL_ACCENT_COLOR_NAME = AccentColor;
				CODE_SIGN_STYLE = Automatic;
				CURRENT_PROJECT_VERSION = 1;
				DEVELOPMENT_ASSET_PATHS = "\"LearningSushi/Preview Content\"";
				DEVELOPMENT_TEAM = KK835KRLS4;
				ENABLE_PREVIEWS = YES;
				GENERATE_INFOPLIST_FILE = YES;
				INFOPLIST_FILE = LearningSushi/Info.plist;
				INFOPLIST_KEY_CFBundleDisplayName = "Sushi Rumble";
				INFOPLIST_KEY_NSLocalNetworkUsageDescription = "Sushi need access to your local network to connect you and your friend";
				INFOPLIST_KEY_UIApplicationSceneManifest_Generation = YES;
				INFOPLIST_KEY_UIApplicationSupportsIndirectInputEvents = YES;
				INFOPLIST_KEY_UILaunchScreen_Generation = YES;
				INFOPLIST_KEY_UIStatusBarStyle = "";
				INFOPLIST_KEY_UISupportedInterfaceOrientations = "UIInterfaceOrientationLandscapeLeft UIInterfaceOrientationLandscapeRight";
				INFOPLIST_KEY_UISupportedInterfaceOrientations_iPad = "UIInterfaceOrientationLandscapeLeft UIInterfaceOrientationLandscapeRight UIInterfaceOrientationPortraitUpsideDown";
				IPHONEOS_DEPLOYMENT_TARGET = 17.0;
				LD_RUNPATH_SEARCH_PATHS = (
					"$(inherited)",
					"@executable_path/Frameworks",
				);
				MARKETING_VERSION = 1.0;
				PRODUCT_BUNDLE_IDENTIFIER = vikriyuwi.LearningSushi;
				PRODUCT_NAME = "$(TARGET_NAME)";
				SWIFT_EMIT_LOC_STRINGS = YES;
				SWIFT_VERSION = 5.0;
				TARGETED_DEVICE_FAMILY = "1,2";
			};
			name = Debug;
		};
		B26DF87C2BD8F40C0030F101 /* Release */ = {
			isa = XCBuildConfiguration;
			buildSettings = {
				ASSETCATALOG_COMPILER_APPICON_NAME = AppIcon;
				ASSETCATALOG_COMPILER_GLOBAL_ACCENT_COLOR_NAME = AccentColor;
				CODE_SIGN_STYLE = Automatic;
				CURRENT_PROJECT_VERSION = 1;
				DEVELOPMENT_ASSET_PATHS = "\"LearningSushi/Preview Content\"";
				DEVELOPMENT_TEAM = KK835KRLS4;
				ENABLE_PREVIEWS = YES;
				GENERATE_INFOPLIST_FILE = YES;
				INFOPLIST_FILE = LearningSushi/Info.plist;
				INFOPLIST_KEY_CFBundleDisplayName = "Sushi Rumble";
				INFOPLIST_KEY_NSLocalNetworkUsageDescription = "Sushi need access to your local network to connect you and your friend";
				INFOPLIST_KEY_UIApplicationSceneManifest_Generation = YES;
				INFOPLIST_KEY_UIApplicationSupportsIndirectInputEvents = YES;
				INFOPLIST_KEY_UILaunchScreen_Generation = YES;
				INFOPLIST_KEY_UIStatusBarStyle = "";
				INFOPLIST_KEY_UISupportedInterfaceOrientations = "UIInterfaceOrientationLandscapeLeft UIInterfaceOrientationLandscapeRight";
				INFOPLIST_KEY_UISupportedInterfaceOrientations_iPad = "UIInterfaceOrientationLandscapeLeft UIInterfaceOrientationLandscapeRight UIInterfaceOrientationPortraitUpsideDown";
				IPHONEOS_DEPLOYMENT_TARGET = 17.0;
				LD_RUNPATH_SEARCH_PATHS = (
					"$(inherited)",
					"@executable_path/Frameworks",
				);
				MARKETING_VERSION = 1.0;
				PRODUCT_BUNDLE_IDENTIFIER = vikriyuwi.LearningSushi;
				PRODUCT_NAME = "$(TARGET_NAME)";
				SWIFT_EMIT_LOC_STRINGS = YES;
				SWIFT_VERSION = 5.0;
				TARGETED_DEVICE_FAMILY = "1,2";
			};
			name = Release;
		};
/* End XCBuildConfiguration section */

/* Begin XCConfigurationList section */
		B26DF8672BD8F40B0030F101 /* Build configuration list for PBXProject "LearningSushi" */ = {
			isa = XCConfigurationList;
			buildConfigurations = (
				B26DF8782BD8F40C0030F101 /* Debug */,
				B26DF8792BD8F40C0030F101 /* Release */,
			);
			defaultConfigurationIsVisible = 0;
			defaultConfigurationName = Release;
		};
		B26DF87A2BD8F40C0030F101 /* Build configuration list for PBXNativeTarget "LearningSushi" */ = {
			isa = XCConfigurationList;
			buildConfigurations = (
				B26DF87B2BD8F40C0030F101 /* Debug */,
				B26DF87C2BD8F40C0030F101 /* Release */,
			);
			defaultConfigurationIsVisible = 0;
			defaultConfigurationName = Release;
		};
/* End XCConfigurationList section */
	};
	rootObject = B26DF8642BD8F40B0030F101 /* Project object */;
}
